
Microsoft Visual Studio Solution File, Format Version 12.00
# Visual Studio Version 17
VisualStudioVersion = 17.5.33516.290
MinimumVisualStudioVersion = 10.0.40219.1
Project("{FAE04EC0-301F-11D3-BF4B-00C04F79EFBC}") = "Wallet Project", "Wallet Project.csproj", "{5EA8A256-308F-47D0-8150-A12E318AA647}"
EndProject
Global
	GlobalSection(SolutionConfigurationPlatforms) = preSolution
		Debug|Any CPU = Debug|Any CPU
		Release|Any CPU = Release|Any CPU
	EndGlobalSection
	GlobalSection(ProjectConfigurationPlatforms) = postSolution
		{5EA8A256-308F-47D0-8150-A12E318AA647}.Debug|Any CPU.ActiveCfg = Debug|Any CPU
		{5EA8A256-308F-47D0-8150-A12E318AA647}.Debug|Any CPU.Build.0 = Debug|Any CPU
		{5EA8A256-308F-47D0-8150-A12E318AA647}.Release|Any CPU.ActiveCfg = Release|Any CPU
		{5EA8A256-308F-47D0-8150-A12E318AA647}.Release|Any CPU.Build.0 = Release|Any CPU
	EndGlobalSection
	GlobalSection(SolutionProperties) = preSolution
		HideSolutionNode = FALSE
	EndGlobalSection
	GlobalSection(ExtensibilityGlobals) = postSolution
		SolutionGuid = {5BDC5F05-CA6C-47E3-8A21-ABCF92539D28}
	EndGlobalSection
EndGlobal
